
Microsoft Visual Studio Solution File, Format Version 12.00
# Visual Studio 2013
VisualStudioVersion = 12.0.40629.0
MinimumVisualStudioVersion = 10.0.40219.1
Project("{8BC9CEB8-8B4A-11D0-8D11-00A0C91BC942}") = "shd", "shd\shd.vcxproj", "{36313F52-3489-4773-BBBF-9ABED3CE220B}"
EndProject
Project("{8BC9CEB8-8B4A-11D0-8D11-00A0C91BC942}") = "shd Package", "shd Package\shd Package.vcxproj", "{7D262AC9-B6E0-4073-8E8A-740A31E1EB8A}"
	ProjectSection(ProjectDependencies) = postProject
		{36313F52-3489-4773-BBBF-9ABED3CE220B} = {36313F52-3489-4773-BBBF-9ABED3CE220B}
	EndProjectSection
EndProject
Project("{8BC9CEB8-8B4A-11D0-8D11-00A0C91BC942}") = "shdcli", "shdcli\shdcli.vcxproj", "{C3DFC418-36E2-4E20-A7A0-BF9B071A86F9}"
EndProject
Global
	GlobalSection(SolutionConfigurationPlatforms) = preSolution
		Debug|Win32 = Debug|Win32
		Debug|x64 = Debug|x64
		Release|Win32 = Release|Win32
		Release|x64 = Release|x64
		Win7 Debug|Win32 = Win7 Debug|Win32
		Win7 Debug|x64 = Win7 Debug|x64
		Win7 Release|Win32 = Win7 Release|Win32
		Win7 Release|x64 = Win7 Release|x64
		Win8 Debug|Win32 = Win8 Debug|Win32
		Win8 Debug|x64 = Win8 Debug|x64
		Win8 Release|Win32 = Win8 Release|Win32
		Win8 Release|x64 = Win8 Release|x64
		Win8.1 Debug|Win32 = Win8.1 Debug|Win32
		Win8.1 Debug|x64 = Win8.1 Debug|x64
		Win8.1 Release|Win32 = Win8.1 Release|Win32
		Win8.1 Release|x64 = Win8.1 Release|x64
	EndGlobalSection
	GlobalSection(ProjectConfigurationPlatforms) = postSolution
		{36313F52-3489-4773-BBBF-9ABED3CE220B}.Debug|Win32.ActiveCfg = Win8.1 Debug|Win32
		{36313F52-3489-4773-BBBF-9ABED3CE220B}.Debug|Win32.Build.0 = Win8.1 Debug|Win32
		{36313F52-3489-4773-BBBF-9ABED3CE220B}.Debug|x64.ActiveCfg = Win8.1 Debug|x64
		{36313F52-3489-4773-BBBF-9ABED3CE220B}.Debug|x64.Build.0 = Win8.1 Debug|x64
		{36313F52-3489-4773-BBBF-9ABED3CE220B}.Release|Win32.ActiveCfg = Win8.1 Release|Win32
		{36313F52-3489-4773-BBBF-9ABED3CE220B}.Release|Win32.Build.0 = Win8.1 Release|Win32
		{36313F52-3489-4773-BBBF-9ABED3CE220B}.Release|x64.ActiveCfg = Win8.1 Release|x64
		{36313F52-3489-4773-BBBF-9ABED3CE220B}.Release|x64.Build.0 = Win8.1 Release|x64
		{36313F52-3489-4773-BBBF-9ABED3CE220B}.Win7 Debug|Win32.ActiveCfg = Win7 Debug|Win32
		{36313F52-3489-4773-BBBF-9ABED3CE220B}.Win7 Debug|Win32.Build.0 = Win7 Debug|Win32
		{36313F52-3489-4773-BBBF-9ABED3CE220B}.Win7 Debug|Win32.Deploy.0 = Win7 Debug|Win32
		{36313F52-3489-4773-BBBF-9ABED3CE220B}.Win7 Debug|x64.ActiveCfg = Win7 Debug|x64
		{36313F52-3489-4773-BBBF-9ABED3CE220B}.Win7 Debug|x64.Build.0 = Win7 Debug|x64
		{36313F52-3489-4773-BBBF-9ABED3CE220B}.Win7 Debug|x64.Deploy.0 = Win7 Debug|x64
		{36313F52-3489-4773-BBBF-9ABED3CE220B}.Win7 Release|Win32.ActiveCfg = Win7 Release|Win32
		{36313F52-3489-4773-BBBF-9ABED3CE220B}.Win7 Release|Win32.Build.0 = Win7 Release|Win32
		{36313F52-3489-4773-BBBF-9ABED3CE220B}.Win7 Release|Win32.Deploy.0 = Win7 Release|Win32
		{36313F52-3489-4773-BBBF-9ABED3CE220B}.Win7 Release|x64.ActiveCfg = Win7 Release|x64
		{36313F52-3489-4773-BBBF-9ABED3CE220B}.Win7 Release|x64.Build.0 = Win7 Release|x64
		{36313F52-3489-4773-BBBF-9ABED3CE220B}.Win7 Release|x64.Deploy.0 = Win7 Release|x64
		{36313F52-3489-4773-BBBF-9ABED3CE220B}.Win8 Debug|Win32.ActiveCfg = Win8 Debug|Win32
		{36313F52-3489-4773-BBBF-9ABED3CE220B}.Win8 Debug|Win32.Build.0 = Win8 Debug|Win32
		{36313F52-3489-4773-BBBF-9ABED3CE220B}.Win8 Debug|Win32.Deploy.0 = Win8 Debug|Win32
		{36313F52-3489-4773-BBBF-9ABED3CE220B}.Win8 Debug|x64.ActiveCfg = Win8 Debug|x64
		{36313F52-3489-4773-BBBF-9ABED3CE220B}.Win8 Debug|x64.Build.0 = Win8 Debug|x64
		{36313F52-3489-4773-BBBF-9ABED3CE220B}.Win8 Debug|x64.Deploy.0 = Win8 Debug|x64
		{36313F52-3489-4773-BBBF-9ABED3CE220B}.Win8 Release|Win32.ActiveCfg = Win8 Release|Win32
		{36313F52-3489-4773-BBBF-9ABED3CE220B}.Win8 Release|Win32.Build.0 = Win8 Release|Win32
		{36313F52-3489-4773-BBBF-9ABED3CE220B}.Win8 Release|Win32.Deploy.0 = Win8 Release|Win32
		{36313F52-3489-4773-BBBF-9ABED3CE220B}.Win8 Release|x64.ActiveCfg = Win8 Release|x64
		{36313F52-3489-4773-BBBF-9ABED3CE220B}.Win8 Release|x64.Build.0 = Win8 Release|x64
		{36313F52-3489-4773-BBBF-9ABED3CE220B}.Win8 Release|x64.Deploy.0 = Win8 Release|x64
		{36313F52-3489-4773-BBBF-9ABED3CE220B}.Win8.1 Debug|Win32.ActiveCfg = Win8.1 Debug|Win32
		{36313F52-3489-4773-BBBF-9ABED3CE220B}.Win8.1 Debug|Win32.Build.0 = Win8.1 Debug|Win32
		{36313F52-3489-4773-BBBF-9ABED3CE220B}.Win8.1 Debug|Win32.Deploy.0 = Win8.1 Debug|Win32
		{36313F52-3489-4773-BBBF-9ABED3CE220B}.Win8.1 Debug|x64.ActiveCfg = Win8.1 Debug|x64
		{36313F52-3489-4773-BBBF-9ABED3CE220B}.Win8.1 Debug|x64.Build.0 = Win8.1 Debug|x64
		{36313F52-3489-4773-BBBF-9ABED3CE220B}.Win8.1 Debug|x64.Deploy.0 = Win8.1 Debug|x64
		{36313F52-3489-4773-BBBF-9ABED3CE220B}.Win8.1 Release|Win32.ActiveCfg = Win8.1 Release|Win32
		{36313F52-3489-4773-BBBF-9ABED3CE220B}.Win8.1 Release|Win32.Build.0 = Win8.1 Release|Win32
		{36313F52-3489-4773-BBBF-9ABED3CE220B}.Win8.1 Release|Win32.Deploy.0 = Win8.1 Release|Win32
		{36313F52-3489-4773-BBBF-9ABED3CE220B}.Win8.1 Release|x64.ActiveCfg = Win8.1 Release|x64
		{36313F52-3489-4773-BBBF-9ABED3CE220B}.Win8.1 Release|x64.Build.0 = Win8.1 Release|x64
		{36313F52-3489-4773-BBBF-9ABED3CE220B}.Win8.1 Release|x64.Deploy.0 = Win8.1 Release|x64
		{7D262AC9-B6E0-4073-8E8A-740A31E1EB8A}.Debug|Win32.ActiveCfg = Win8.1 Debug|Win32
		{7D262AC9-B6E0-4073-8E8A-740A31E1EB8A}.Debug|Win32.Build.0 = Win8.1 Debug|Win32
		{7D262AC9-B6E0-4073-8E8A-740A31E1EB8A}.Debug|x64.ActiveCfg = Win8.1 Debug|x64
		{7D262AC9-B6E0-4073-8E8A-740A31E1EB8A}.Debug|x64.Build.0 = Win8.1 Debug|x64
		{7D262AC9-B6E0-4073-8E8A-740A31E1EB8A}.Release|Win32.ActiveCfg = Win8.1 Release|Win32
		{7D262AC9-B6E0-4073-8E8A-740A31E1EB8A}.Release|Win32.Build.0 = Win8.1 Release|Win32
		{7D262AC9-B6E0-4073-8E8A-740A31E1EB8A}.Release|x64.ActiveCfg = Win8.1 Release|x64
		{7D262AC9-B6E0-4073-8E8A-740A31E1EB8A}.Release|x64.Build.0 = Win8.1 Release|x64
		{7D262AC9-B6E0-4073-8E8A-740A31E1EB8A}.Win7 Debug|Win32.ActiveCfg = Win7 Debug|Win32
		{7D262AC9-B6E0-4073-8E8A-740A31E1EB8A}.Win7 Debug|Win32.Build.0 = Win7 Debug|Win32
		{7D262AC9-B6E0-4073-8E8A-740A31E1EB8A}.Win7 Debug|Win32.Deploy.0 = Win7 Debug|Win32
		{7D262AC9-B6E0-4073-8E8A-740A31E1EB8A}.Win7 Debug|x64.ActiveCfg = Win7 Debug|x64
		{7D262AC9-B6E0-4073-8E8A-740A31E1EB8A}.Win7 Debug|x64.Build.0 = Win7 Debug|x64
		{7D262AC9-B6E0-4073-8E8A-740A31E1EB8A}.Win7 Debug|x64.Deploy.0 = Win7 Debug|x64
		{7D262AC9-B6E0-4073-8E8A-740A31E1EB8A}.Win7 Release|Win32.ActiveCfg = Win7 Release|Win32
		{7D262AC9-B6E0-4073-8E8A-740A31E1EB8A}.Win7 Release|Win32.Build.0 = Win7 Release|Win32
		{7D262AC9-B6E0-4073-8E8A-740A31E1EB8A}.Win7 Release|Win32.Deploy.0 = Win7 Release|Win32
		{7D262AC9-B6E0-4073-8E8A-740A31E1EB8A}.Win7 Release|x64.ActiveCfg = Win7 Release|x64
		{7D262AC9-B6E0-4073-8E8A-740A31E1EB8A}.Win7 Release|x64.Build.0 = Win7 Release|x64
		{7D262AC9-B6E0-4073-8E8A-740A31E1EB8A}.Win7 Release|x64.Deploy.0 = Win7 Release|x64
		{7D262AC9-B6E0-4073-8E8A-740A31E1EB8A}.Win8 Debug|Win32.ActiveCfg = Win8 Debug|Win32
		{7D262AC9-B6E0-4073-8E8A-740A31E1EB8A}.Win8 Debug|Win32.Build.0 = Win8 Debug|Win32
		{7D262AC9-B6E0-4073-8E8A-740A31E1EB8A}.Win8 Debug|Win32.Deploy.0 = Win8 Debug|Win32
		{7D262AC9-B6E0-4073-8E8A-740A31E1EB8A}.Win8 Debug|x64.ActiveCfg = Win8 Debug|x64
		{7D262AC9-B6E0-4073-8E8A-740A31E1EB8A}.Win8 Debug|x64.Build.0 = Win8 Debug|x64
		{7D262AC9-B6E0-4073-8E8A-740A31E1EB8A}.Win8 Debug|x64.Deploy.0 = Win8 Debug|x64
		{7D262AC9-B6E0-4073-8E8A-740A31E1EB8A}.Win8 Release|Win32.ActiveCfg = Win8 Release|Win32
		{7D262AC9-B6E0-4073-8E8A-740A31E1EB8A}.Win8 Release|Win32.Build.0 = Win8 Release|Win32
		{7D262AC9-B6E0-4073-8E8A-740A31E1EB8A}.Win8 Release|Win32.Deploy.0 = Win8 Release|Win32
		{7D262AC9-B6E0-4073-8E8A-740A31E1EB8A}.Win8 Release|x64.ActiveCfg = Win8 Release|x64
		{7D262AC9-B6E0-4073-8E8A-740A31E1EB8A}.Win8 Release|x64.Build.0 = Win8 Release|x64
		{7D262AC9-B6E0-4073-8E8A-740A31E1EB8A}.Win8 Release|x64.Deploy.0 = Win8 Release|x64
		{7D262AC9-B6E0-4073-8E8A-740A31E1EB8A}.Win8.1 Debug|Win32.ActiveCfg = Win8.1 Debug|Win32
		{7D262AC9-B6E0-4073-8E8A-740A31E1EB8A}.Win8.1 Debug|Win32.Build.0 = Win8.1 Debug|Win32
		{7D262AC9-B6E0-4073-8E8A-740A31E1EB8A}.Win8.1 Debug|Win32.Deploy.0 = Win8.1 Debug|Win32
		{7D262AC9-B6E0-4073-8E8A-740A31E1EB8A}.Win8.1 Debug|x64.ActiveCfg = Win8.1 Debug|x64
		{7D262AC9-B6E0-4073-8E8A-740A31E1EB8A}.Win8.1 Debug|x64.Build.0 = Win8.1 Debug|x64
		{7D262AC9-B6E0-4073-8E8A-740A31E1EB8A}.Win8.1 Debug|x64.Deploy.0 = Win8.1 Debug|x64
		{7D262AC9-B6E0-4073-8E8A-740A31E1EB8A}.Win8.1 Release|Win32.ActiveCfg = Win8.1 Release|Win32
		{7D262AC9-B6E0-4073-8E8A-740A31E1EB8A}.Win8.1 Release|Win32.Build.0 = Win8.1 Release|Win32
		{7D262AC9-B6E0-4073-8E8A-740A31E1EB8A}.Win8.1 Release|Win32.Deploy.0 = Win8.1 Release|Win32
		{7D262AC9-B6E0-4073-8E8A-740A31E1EB8A}.Win8.1 Release|x64.ActiveCfg = Win8.1 Release|x64
		{7D262AC9-B6E0-4073-8E8A-740A31E1EB8A}.Win8.1 Release|x64.Build.0 = Win8.1 Release|x64
		{7D262AC9-B6E0-4073-8E8A-740A31E1EB8A}.Win8.1 Release|x64.Deploy.0 = Win8.1 Release|x64
		{C3DFC418-36E2-4E20-A7A0-BF9B071A86F9}.Debug|Win32.ActiveCfg = Debug|Win32
		{C3DFC418-36E2-4E20-A7A0-BF9B071A86F9}.Debug|Win32.Build.0 = Debug|Win32
		{C3DFC418-36E2-4E20-A7A0-BF9B071A86F9}.Debug|x64.ActiveCfg = Debug|Win32
		{C3DFC418-36E2-4E20-A7A0-BF9B071A86F9}.Release|Win32.ActiveCfg = Release|Win32
		{C3DFC418-36E2-4E20-A7A0-BF9B071A86F9}.Release|Win32.Build.0 = Release|Win32
		{C3DFC418-36E2-4E20-A7A0-BF9B071A86F9}.Release|x64.ActiveCfg = Release|Win32
		{C3DFC418-36E2-4E20-A7A0-BF9B071A86F9}.Win7 Debug|Win32.ActiveCfg = Debug|Win32
		{C3DFC418-36E2-4E20-A7A0-BF9B071A86F9}.Win7 Debug|Win32.Build.0 = Debug|Win32
		{C3DFC418-36E2-4E20-A7A0-BF9B071A86F9}.Win7 Debug|x64.ActiveCfg = Debug|Win32
		{C3DFC418-36E2-4E20-A7A0-BF9B071A86F9}.Win7 Release|Win32.ActiveCfg = Release|Win32
		{C3DFC418-36E2-4E20-A7A0-BF9B071A86F9}.Win7 Release|Win32.Build.0 = Release|Win32
		{C3DFC418-36E2-4E20-A7A0-BF9B071A86F9}.Win7 Release|x64.ActiveCfg = Release|Win32
		{C3DFC418-36E2-4E20-A7A0-BF9B071A86F9}.Win8 Debug|Win32.ActiveCfg = Debug|Win32
		{C3DFC418-36E2-4E20-A7A0-BF9B071A86F9}.Win8 Debug|Win32.Build.0 = Debug|Win32
		{C3DFC418-36E2-4E20-A7A0-BF9B071A86F9}.Win8 Debug|x64.ActiveCfg = Debug|Win32
		{C3DFC418-36E2-4E20-A7A0-BF9B071A86F9}.Win8 Release|Win32.ActiveCfg = Release|Win32
		{C3DFC418-36E2-4E20-A7A0-BF9B071A86F9}.Win8 Release|Win32.Build.0 = Release|Win32
		{C3DFC418-36E2-4E20-A7A0-BF9B071A86F9}.Win8 Release|x64.ActiveCfg = Release|Win32
		{C3DFC418-36E2-4E20-A7A0-BF9B071A86F9}.Win8.1 Debug|Win32.ActiveCfg = Debug|Win32
		{C3DFC418-36E2-4E20-A7A0-BF9B071A86F9}.Win8.1 Debug|Win32.Build.0 = Debug|Win32
		{C3DFC418-36E2-4E20-A7A0-BF9B071A86F9}.Win8.1 Debug|x64.ActiveCfg = Debug|Win32
		{C3DFC418-36E2-4E20-A7A0-BF9B071A86F9}.Win8.1 Release|Win32.ActiveCfg = Release|Win32
		{C3DFC418-36E2-4E20-A7A0-BF9B071A86F9}.Win8.1 Release|Win32.Build.0 = Release|Win32
		{C3DFC418-36E2-4E20-A7A0-BF9B071A86F9}.Win8.1 Release|x64.ActiveCfg = Release|Win32
	EndGlobalSection
	GlobalSection(SolutionProperties) = preSolution
		HideSolutionNode = FALSE
	EndGlobalSection
EndGlobal
